{
  "object": {
    "pins": [
      {
        "package": "Math",
        "repositoryURL": "https://github.com/dn-m/Math",
        "state": {
          "branch": null,
          "revision": "075ebb5a934251ed7acbe4feace925ed7e322d0f",
          "version": "0.6.0"
        }
      },
      {
        "package": "Music",
        "repositoryURL": "https://github.com/dn-m/Music",
        "state": {
          "branch": null,
          "revision": "7033ba5d4fd00e799a92f57b4c410319a6e53114",
          "version": "0.10.0"
        }
      },
      {
        "package": "PerformanceTesting",
        "repositoryURL": "https://github.com/dn-m/PerformanceTesting",
        "state": {
          "branch": null,
          "revision": "d48417c837b1a029dd9567dfa7b5ee3cfa9a0ec7",
          "version": "0.3.0"
        }
      },
      {
        "package": "Structure",
        "repositoryURL": "https://github.com/dn-m/Structure",
        "state": {
          "branch": null,
          "revision": "662db5b0fd934fd1be148167e96d3747e4193e5f",
          "version": "0.19.4"
        }
      }
    ]
  },
  "version": 1
}
