{
  "object": {
    "pins": [
      {
        "package": "Math",
        "repositoryURL": "https://github.com/dn-m/Math",
        "state": {
          "branch": null,
          "revision": "dc8703a15bac281f30d9ae2802d583b02c89f4ee",
          "version": "0.1.3"
        }
      },
      {
        "package": "Music",
        "repositoryURL": "https://github.com/dn-m/Music",
        "state": {
          "branch": null,
          "revision": "4a7367927050bcef6cb0595c99d1efc5c678286d",
          "version": "0.1.0"
        }
      },
      {
        "package": "PerformanceTesting",
        "repositoryURL": "https://github.com/dn-m/PerformanceTesting",
        "state": {
          "branch": null,
          "revision": "fc96795471fce16de0277ec0dbd0f69f5dd013d6",
          "version": "0.1.0"
        }
      },
      {
        "package": "Structure",
        "repositoryURL": "https://github.com/dn-m/Structure",
        "state": {
<<<<<<< HEAD
          "branch": null,
          "revision": "95a3c7e50118006ae7d415dbe24d724936c3ad07",
          "version": "0.3.1"
=======
          "branch": "swift-4.2",
          "revision": "7df50a073c28a9dbcbee30da4f5f1fce17d2a6cd",
          "version": null
>>>>>>> d2f15942be68451145963626980bfb8f699b3fb9
        }
      }
    ]
  },
  "version": 1
}
