{
  "object": {
    "pins": [
      {
        "package": "Math",
        "repositoryURL": "https://github.com/dn-m/Math",
        "state": {
          "branch": null,
          "revision": "075ebb5a934251ed7acbe4feace925ed7e322d0f",
          "version": "0.6.0"
        }
      },
      {
        "package": "Music",
        "repositoryURL": "https://github.com/dn-m/Music",
        "state": {
          "branch": null,
          "revision": "37779cef6a8ba93b117d44d477ecb6f2a123f335",
          "version": "0.13.1"
        }
      },
      {
        "package": "PerformanceTesting",
        "repositoryURL": "https://github.com/dn-m/PerformanceTesting",
        "state": {
          "branch": null,
          "revision": "d48417c837b1a029dd9567dfa7b5ee3cfa9a0ec7",
          "version": "0.3.0"
        }
      },
      {
        "package": "Structure",
        "repositoryURL": "https://github.com/dn-m/Structure",
        "state": {
          "branch": null,
          "revision": "d699d35bc2d6b65303d23ec95a6c1eb66e65c2e7",
          "version": "0.22.0"
        }
      }
    ]
  },
  "version": 1
}
